
Microsoft Visual Studio Solution File, Format Version 11.00
# Visual Studio 2010
Project("{FAE04EC0-301F-11D3-BF4B-00C04F79EFBC}") = "EEM_Project", "Assembly-CSharp-firstpass.csproj", "{17B9CD12-EB89-F880-45EB-CEE47190FBA1}"
EndProject
Project("{FAE04EC0-301F-11D3-BF4B-00C04F79EFBC}") = "EEM_Project", "Assembly-CSharp.csproj", "{762EE33B-15A8-8F81-167A-3CACBBAA1FD3}"
EndProject
Project("{FAE04EC0-301F-11D3-BF4B-00C04F79EFBC}") = "EEM_Project", "Assembly-CSharp-Editor.csproj", "{4601BD82-918D-EFB1-0338-1EE4A08A737F}"
EndProject
Global
	GlobalSection(SolutionConfigurationPlatforms) = preSolution
		Debug|Any CPU = Debug|Any CPU
		Release|Any CPU = Release|Any CPU
	EndGlobalSection
	GlobalSection(ProjectConfigurationPlatforms) = postSolution
		{17B9CD12-EB89-F880-45EB-CEE47190FBA1}.Debug|Any CPU.ActiveCfg = Debug|Any CPU
		{17B9CD12-EB89-F880-45EB-CEE47190FBA1}.Debug|Any CPU.Build.0 = Debug|Any CPU
		{17B9CD12-EB89-F880-45EB-CEE47190FBA1}.Release|Any CPU.ActiveCfg = Release|Any CPU
		{17B9CD12-EB89-F880-45EB-CEE47190FBA1}.Release|Any CPU.Build.0 = Release|Any CPU
		{762EE33B-15A8-8F81-167A-3CACBBAA1FD3}.Debug|Any CPU.ActiveCfg = Debug|Any CPU
		{762EE33B-15A8-8F81-167A-3CACBBAA1FD3}.Debug|Any CPU.Build.0 = Debug|Any CPU
		{762EE33B-15A8-8F81-167A-3CACBBAA1FD3}.Release|Any CPU.ActiveCfg = Release|Any CPU
		{762EE33B-15A8-8F81-167A-3CACBBAA1FD3}.Release|Any CPU.Build.0 = Release|Any CPU
		{4601BD82-918D-EFB1-0338-1EE4A08A737F}.Debug|Any CPU.ActiveCfg = Debug|Any CPU
		{4601BD82-918D-EFB1-0338-1EE4A08A737F}.Debug|Any CPU.Build.0 = Debug|Any CPU
		{4601BD82-918D-EFB1-0338-1EE4A08A737F}.Release|Any CPU.ActiveCfg = Release|Any CPU
		{4601BD82-918D-EFB1-0338-1EE4A08A737F}.Release|Any CPU.Build.0 = Release|Any CPU
	EndGlobalSection
	GlobalSection(SolutionProperties) = preSolution
		HideSolutionNode = FALSE
	EndGlobalSection
	GlobalSection(MonoDevelopProperties) = preSolution
		StartupItem = Assembly-CSharp.csproj
	EndGlobalSection
EndGlobal
